
Microsoft Visual Studio Solution File, Format Version 12.00
# Visual Studio Version 17
VisualStudioVersion = 17.9.34728.123
MinimumVisualStudioVersion = 10.0.40219.1
Project("{FAE04EC0-301F-11D3-BF4B-00C04F79EFBC}") = "ConsoleApp1", "ConsoleApp1\ConsoleApp1.csproj", "{606CB1F6-68FE-46A8-8638-8C41D850BC78}"
EndProject
Global
	GlobalSection(SolutionConfigurationPlatforms) = preSolution
		Debug|Any CPU = Debug|Any CPU
		Release|Any CPU = Release|Any CPU
	EndGlobalSection
	GlobalSection(ProjectConfigurationPlatforms) = postSolution
		{606CB1F6-68FE-46A8-8638-8C41D850BC78}.Debug|Any CPU.ActiveCfg = Debug|Any CPU
		{606CB1F6-68FE-46A8-8638-8C41D850BC78}.Debug|Any CPU.Build.0 = Debug|Any CPU
		{606CB1F6-68FE-46A8-8638-8C41D850BC78}.Release|Any CPU.ActiveCfg = Release|Any CPU
		{606CB1F6-68FE-46A8-8638-8C41D850BC78}.Release|Any CPU.Build.0 = Release|Any CPU
	EndGlobalSection
	GlobalSection(SolutionProperties) = preSolution
		HideSolutionNode = FALSE
	EndGlobalSection
	GlobalSection(ExtensibilityGlobals) = postSolution
		SolutionGuid = {84989E0E-A171-4E48-96DB-7582A83E4D79}
	EndGlobalSection
EndGlobal
